{
    "_readme": [
        "This file locks the dependencies of your project to a known state",
        "Read more about it at http://getcomposer.org/doc/01-basic-usage.md#composer-lock-the-lock-file",
        "This file is @generated automatically"
    ],
    "hash": "197c7e3966559dd8a92b0d9927ef4c29",
    "packages": [
        {
            "name": "beryllium/icelus",
            "version": "1.0.1",
            "source": {
                "type": "git",
                "url": "https://github.com/beryllium/icelus.git",
                "reference": "25c58d05202f99e1f591426287262d644a9449c9"
            },
            "dist": {
                "type": "zip",
                "url": "https://api.github.com/repos/beryllium/icelus/zipball/25c58d05202f99e1f591426287262d644a9449c9",
                "reference": "25c58d05202f99e1f591426287262d644a9449c9",
                "shasum": ""
            },
            "require": {
                "imanee/imanee": "*"
            },
            "require-dev": {
                "mikey179/vfsstream": "~1.4.0",
                "phpunit/phpunit": "~4.5",
                "symfony/config": "~2.1",
                "symfony/dependency-injection": "~2.1",
                "symfony/filesystem": "~2.6",
                "symfony/http-kernel": "~2.6",
                "twig/twig": "~1.18"
            },
            "type": "library",
            "autoload": {
                "psr-4": {
                    "Beryllium\\Icelus\\": ""
                }
            },
            "notification-url": "https://packagist.org/downloads/",
            "license": [
                "MIT"
            ],
            "authors": [
                {
                    "name": "Kevin Boyd",
                    "email": "kevin.boyd@gmail.com",
                    "homepage": "http://whateverthing.com"
                }
            ],
            "description": "Thumbnail generator for Sculpin-based websites",
            "homepage": "http://whateverthing.com",
            "keywords": [
                "Thumbnails",
                "images",
                "sculpin",
                "sculpin-plugin"
            ],
            "time": "2015-12-12 01:01:50"
        },
        {
            "name": "cocur/slugify",
            "version": "v1.4",
            "source": {
                "type": "git",
                "url": "https://github.com/cocur/slugify.git",
                "reference": "05f00fa75f1c53edfcf4d0425e7e62e95b8888dd"
            },
            "dist": {
                "type": "zip",
                "url": "https://api.github.com/repos/cocur/slugify/zipball/05f00fa75f1c53edfcf4d0425e7e62e95b8888dd",
                "reference": "05f00fa75f1c53edfcf4d0425e7e62e95b8888dd",
                "shasum": ""
            },
            "require": {
                "php": ">=5.3.3"
            },
            "require-dev": {
                "codeclimate/php-test-reporter": "dev-master",
                "laravel/framework": "~4.1",
                "latte/latte": "~2.2",
                "mockery/mockery": "~0.9",
                "nette/di": "~2.2",
                "phpunit/phpunit": "~4.6",
                "plumphp/plum": "~0.1",
                "sami/sami": "~1.3",
                "satooshi/php-coveralls": "0.6.*",
                "silex/silex": "~1.2",
                "symfony/dependency-injection": "~2.4",
                "symfony/http-kernel": "~2.4",
                "twig/twig": "~1",
                "zendframework/zend-modulemanager": "~2.2",
                "zendframework/zend-servicemanager": "~2.2",
                "zendframework/zend-view": "~2.2"
            },
            "type": "library",
            "autoload": {
                "psr-4": {
                    "Cocur\\Slugify\\": "src"
                }
            },
            "notification-url": "https://packagist.org/downloads/",
            "license": [
                "MIT"
            ],
            "authors": [
                {
                    "name": "Ivo Bathke",
                    "email": "ivo.bathke@gmail.com"
                },
                {
                    "name": "Florian Eckerstorfer",
                    "email": "florian@eckerstorfer.co",
                    "homepage": "https://florian.ec"
                }
            ],
            "description": "Converts a string into a slug.",
            "keywords": [
                "slug",
                "slugify"
            ],
            "time": "2015-09-29 18:26:32"
        },
        {
            "name": "components/bootstrap",
            "version": "2.3.2",
            "source": {
                "type": "git",
                "url": "https://github.com/components/bootstrap.git",
                "reference": "4e517c991623b3bd913e2becd44831b2c9b0be90"
            },
            "dist": {
                "type": "zip",
                "url": "https://api.github.com/repos/components/bootstrap/zipball/4e517c991623b3bd913e2becd44831b2c9b0be90",
                "reference": "4e517c991623b3bd913e2becd44831b2c9b0be90",
                "shasum": ""
            },
            "require": {
                "components/jquery": "*"
            },
            "suggest": {
                "components/bootstrap-default": "Provide a theme for Bootstrap as components/bootstrap only provides the CSS as file assets"
            },
            "type": "component",
            "extra": {
                "component": {
                    "scripts": [
                        "js/bootstrap.js"
                    ],
                    "files": [
                        "js/bootstrap.min.js",
                        "css/*.css",
                        "img/*.png"
                    ],
                    "shim": {
                        "deps": [
                            "jquery"
                        ]
                    }
                }
            },
            "notification-url": "https://packagist.org/downloads/",
            "license": [
                "Apache-2.0"
            ],
            "authors": [
                {
                    "name": "Twitter, Inc"
                }
            ],
            "description": "Sleek, intuitive, and powerful front-end framework for faster and easier web development.",
            "homepage": "http://twitter.github.com/bootstrap/",
            "keywords": [
                "bootstrap",
                "css"
            ],
            "time": "2013-07-18 20:01:48"
        },
        {
            "name": "components/font-awesome",
            "version": "4.5.0",
            "source": {
                "type": "git",
                "url": "https://github.com/components/font-awesome.git",
                "reference": "069663a8419f9db90f9bec71e71ed4bb9d28d6ee"
            },
            "dist": {
                "type": "zip",
                "url": "https://api.github.com/repos/components/font-awesome/zipball/069663a8419f9db90f9bec71e71ed4bb9d28d6ee",
                "reference": "069663a8419f9db90f9bec71e71ed4bb9d28d6ee",
                "shasum": ""
            },
            "type": "component",
            "extra": {
                "component": {
                    "styles": [
                        "css/font-awesome.css"
                    ],
                    "files": [
                        "css/font-awesome.min.css",
                        "fonts/*"
                    ]
                }
            },
            "notification-url": "https://packagist.org/downloads/",
            "license": [
                "MIT",
                "OFL-1.1"
            ],
            "description": "The iconic font designed for use with Twitter Bootstrap.",
            "time": "2015-11-24 10:33:56"
        },
        {
            "name": "components/foundation",
            "version": "6.0.4",
            "source": {
                "type": "git",
                "url": "https://github.com/components/foundation.git",
                "reference": "93cd82a061d22491bd548467ea7e98f4722f5089"
            },
            "dist": {
                "type": "zip",
                "url": "https://api.github.com/repos/components/foundation/zipball/93cd82a061d22491bd548467ea7e98f4722f5089",
                "reference": "93cd82a061d22491bd548467ea7e98f4722f5089",
                "shasum": ""
            },
            "require": {
                "components/jquery": "*",
                "components/modernizr": "*",
                "components/normalize.css": "*"
            },
            "type": "component",
            "extra": {
                "component": {
                    "scripts": [
                        "js/foundation.min.js"
                    ],
                    "styles": [
                        "css/foundation.min.css"
                    ],
                    "files": [
                        "js/**",
                        "css/**",
                        "scss/**"
                    ],
                    "shim": {
                        "exports": "window.Foundation",
                        "deps": [
                            "jquery",
                            "modernizr"
                        ]
                    }
                }
            },
            "notification-url": "https://packagist.org/downloads/",
            "license": [
                "MIT"
            ],
            "authors": [
                {
                    "name": "ZURB, Inc."
                }
            ],
            "description": "The most advanced responsive front-end framework in the world.",
            "homepage": "http://foundation.zurb.com/",
            "keywords": [
                "css",
                "foundation"
            ],
            "time": "2015-11-25 20:29:51"
        },
        {
            "name": "components/highlightjs",
            "version": "7.3.0",
            "source": {
                "type": "git",
                "url": "https://github.com/components/highlightjs.git",
                "reference": "60f5b260c3ae12578f7241e15e8102e9b65c4d3b"
            },
            "dist": {
                "type": "zip",
                "url": "https://api.github.com/repos/components/highlightjs/zipball/60f5b260c3ae12578f7241e15e8102e9b65c4d3b",
                "reference": "60f5b260c3ae12578f7241e15e8102e9b65c4d3b",
                "shasum": ""
            },
            "require": {
                "robloach/component-installer": "*"
            },
            "type": "component",
            "extra": {
                "component": {
                    "scripts": [
                        "highlight.pack.js"
                    ],
                    "files": [
                        "styles/*"
                    ],
                    "shim": {
                        "exports": "hljs"
                    }
                }
            },
            "notification-url": "https://packagist.org/downloads/",
            "license": [
                "BSD-3-Clause"
            ],
            "authors": [
                {
                    "name": "Ivan Sagalaev",
                    "email": "maniac@softwaremaniacs.org",
                    "homepage": "http://softwaremaniacs.org"
                }
            ],
            "description": "Highlight.js highlights syntax in code examples on blogs, forums and in fact on any web pages.",
            "time": "2013-04-24 15:11:49"
        },
        {
            "name": "components/jquery",
            "version": "1.9.1",
            "source": {
                "type": "git",
                "url": "https://github.com/components/jquery.git",
                "reference": "0e94233e6a4ab678d8fc04312241b2f840717b0c"
            },
            "dist": {
                "type": "zip",
                "url": "https://api.github.com/repos/components/jquery/zipball/0e94233e6a4ab678d8fc04312241b2f840717b0c",
                "reference": "0e94233e6a4ab678d8fc04312241b2f840717b0c",
                "shasum": ""
            },
            "require": {
                "robloach/component-installer": "*"
            },
            "type": "component",
            "extra": {
                "component": {
                    "scripts": [
                        "jquery.js"
                    ],
                    "files": [
                        "jquery.min.js",
                        "jquery-migrate.js",
                        "jquery-migrate.min.js"
                    ]
                }
            },
            "notification-url": "https://packagist.org/downloads/",
            "license": [
                "MIT"
            ],
            "authors": [
                {
                    "name": "John Resig",
                    "email": "jeresig@gmail.com",
                    "homepage": "http://ejohn.org/"
                }
            ],
            "description": "jQuery JavaScript Library",
            "homepage": "http://jquery.com",
            "time": "2013-07-16 10:41:05"
        },
        {
            "name": "components/masonry",
            "version": "3.2.2",
            "source": {
                "type": "git",
                "url": "https://github.com/components/masonry.git",
                "reference": "a58a01c134823f797636b92e9dde41ccd7f76929"
            },
            "dist": {
                "type": "zip",
                "url": "https://api.github.com/repos/components/masonry/zipball/a58a01c134823f797636b92e9dde41ccd7f76929",
                "reference": "a58a01c134823f797636b92e9dde41ccd7f76929",
                "shasum": ""
            },
            "type": "component",
            "extra": {
                "component": {
                    "main": "masonry.pkgd.js",
                    "scripts": [
                        "masonry.pkgd.js"
                    ],
                    "files": [
                        "masonry.pkgd.min.js"
                    ],
                    "shim": {
                        "exports": "Masonry"
                    }
                }
            },
            "notification-url": "https://packagist.org/downloads/",
            "license": [
                "MIT"
            ],
            "authors": [
                {
                    "name": "David DeSandro",
                    "homepage": "http://desandro.com"
                }
            ],
            "description": "Cascading grid layout library",
            "homepage": "http://masonry.desandro.com",
            "time": "2015-02-11 14:35:33"
        },
        {
            "name": "components/modernizr",
            "version": "2.8.3",
            "source": {
                "type": "git",
                "url": "https://github.com/components/modernizr.git",
                "reference": "4115686a0f488b370b169e5a702d5028e7650bd3"
            },
            "dist": {
                "type": "zip",
                "url": "https://api.github.com/repos/components/modernizr/zipball/4115686a0f488b370b169e5a702d5028e7650bd3",
                "reference": "4115686a0f488b370b169e5a702d5028e7650bd3",
                "shasum": ""
            },
            "require": {
                "robloach/component-installer": "*"
            },
            "type": "component",
            "extra": {
                "component": {
                    "scripts": [
                        "modernizr.js"
                    ],
                    "shim": {
                        "exports": "window.Modernizr"
                    }
                }
            },
            "notification-url": "https://packagist.org/downloads/",
            "license": [
                "MIT"
            ],
            "authors": [
                {
                    "name": "Modernizr",
                    "homepage": "http://modernizr.com"
                },
                {
                    "name": "Faruk Ates"
                },
                {
                    "name": "Paul Irish"
                },
                {
                    "name": "Alex Sexton"
                },
                {
                    "name": "Ryan Seddon"
                },
                {
                    "name": "Alexander Farkas"
                },
                {
                    "name": "Ben Alman"
                },
                {
                    "name": "Stu Cox"
                }
            ],
            "description": "Modernizr is a JavaScript library that detects HTML5 and CSS3 features in the user's browser.",
            "homepage": "http://modernizr.com",
            "keywords": [
                "CSS3",
                "HTML5",
                "browser",
                "feature detection"
            ],
            "time": "2014-10-08 13:59:52"
        },
        {
            "name": "components/normalize.css",
            "version": "3.0.3",
            "source": {
                "type": "git",
                "url": "https://github.com/components/normalize.css.git",
                "reference": "45dc73f97034936e7ab1838be4887a3be315824b"
            },
            "dist": {
                "type": "zip",
                "url": "https://api.github.com/repos/components/normalize.css/zipball/45dc73f97034936e7ab1838be4887a3be315824b",
                "reference": "45dc73f97034936e7ab1838be4887a3be315824b",
                "shasum": ""
            },
            "type": "component",
            "extra": {
                "component": {
                    "name": "normalize-css",
                    "styles": [
                        "normalize.css"
                    ]
                }
            },
            "notification-url": "https://packagist.org/downloads/",
            "license": [
                "MIT"
            ],
            "description": "Normalize.css is a customisable CSS file that makes browsers render all elements more consistently and in line with modern standards.",
            "homepage": "http://necolas.github.com/normalize.css/",
            "time": "2015-05-21 16:25:32"
        },
        {
            "name": "imanee/imanee",
            "version": "1.2.2",
            "source": {
                "type": "git",
                "url": "https://github.com/imanee/imanee.git",
                "reference": "e3e3cf92c694f84fd8cb9cdeee6aa4a71655781d"
            },
            "dist": {
                "type": "zip",
                "url": "https://api.github.com/repos/imanee/imanee/zipball/e3e3cf92c694f84fd8cb9cdeee6aa4a71655781d",
                "reference": "e3e3cf92c694f84fd8cb9cdeee6aa4a71655781d",
                "shasum": ""
            },
            "require": {
                "php": ">=5.4.0"
            },
            "require-dev": {
                "ext-gd": "*",
                "ext-imagick": "*",
                "mockery/mockery": "^0.9.4",
                "phpunit/phpunit": "3.7.*",
                "satooshi/php-coveralls": "^0.6.1"
            },
            "suggest": {
                "ext-gd": "To allow Imanee\\ImageResource\\GDResource usage.",
                "ext-imagick": "To allow Imanee\\ImageResource\\ImagickResource usage."
            },
            "type": "library",
            "extra": {
                "branch-alias": {
                    "dev-master": "1.0-dev"
                }
            },
            "autoload": {
                "psr-4": {
                    "Imanee\\": "src/"
                }
            },
            "notification-url": "https://packagist.org/downloads/",
            "license": [
                "MIT"
            ],
            "authors": [
                {
                    "name": "Erika Heidi",
                    "email": "erika@erikaheidi.com"
                }
            ],
            "description": "PHP Image Manipulation Library",
            "homepage": "http://imanee.io",
            "keywords": [
                "ImageMagick",
                "gd",
                "image",
                "imagick",
                "php"
            ],
            "time": "2015-09-03 13:02:21"
        },
        {
            "name": "kriswallsmith/assetic",
            "version": "v1.3.1",
            "source": {
                "type": "git",
                "url": "https://github.com/kriswallsmith/assetic.git",
                "reference": "cb92b179dddfb8a3f341d53bd27e088f24d9c2e5"
            },
            "dist": {
                "type": "zip",
                "url": "https://api.github.com/repos/kriswallsmith/assetic/zipball/cb92b179dddfb8a3f341d53bd27e088f24d9c2e5",
                "reference": "cb92b179dddfb8a3f341d53bd27e088f24d9c2e5",
                "shasum": ""
            },
            "require": {
                "php": ">=5.3.1",
                "symfony/process": "~2.1"
            },
            "conflict": {
                "twig/twig": "<1.12"
            },
            "require-dev": {
                "cssmin/cssmin": "*",
                "joliclic/javascript-packer": "*",
                "kamicane/packager": "*",
                "leafo/lessphp": "^0.3.7",
                "leafo/scssphp": "*@dev",
                "leafo/scssphp-compass": "*@dev",
                "mrclay/minify": "*",
                "patchwork/jsqueeze": "~1.0|~2.0",
                "phpunit/phpunit": "~4.8",
                "psr/log": "~1.0",
                "ptachoire/cssembed": "*",
                "symfony/phpunit-bridge": "~2.7",
                "twig/twig": "~1.8|~2.0"
            },
            "suggest": {
                "leafo/lessphp": "Assetic provides the integration with the lessphp LESS compiler",
                "leafo/scssphp": "Assetic provides the integration with the scssphp SCSS compiler",
                "leafo/scssphp-compass": "Assetic provides the integration with the SCSS compass plugin",
                "patchwork/jsqueeze": "Assetic provides the integration with the JSqueeze JavaScript compressor",
                "ptachoire/cssembed": "Assetic provides the integration with phpcssembed to embed data uris",
                "twig/twig": "Assetic provides the integration with the Twig templating engine"
            },
            "type": "library",
            "extra": {
                "branch-alias": {
                    "dev-master": "1.4-dev"
                }
            },
            "autoload": {
                "psr-0": {
                    "Assetic": "src/"
                },
                "files": [
                    "src/functions.php"
                ]
            },
            "notification-url": "https://packagist.org/downloads/",
            "license": [
                "MIT"
            ],
            "authors": [
                {
                    "name": "Kris Wallsmith",
                    "email": "kris.wallsmith@gmail.com",
                    "homepage": "http://kriswallsmith.net/"
                }
            ],
            "description": "Asset Management for PHP",
            "homepage": "https://github.com/kriswallsmith/assetic",
            "keywords": [
                "assets",
                "compression",
                "minification"
            ],
            "time": "2015-10-15 01:33:42"
        },
        {
            "name": "robloach/component-installer",
            "version": "0.2.3",
            "source": {
                "type": "git",
                "url": "https://github.com/RobLoach/component-installer.git",
                "reference": "908a859aa7c4949ba9ad67091e67bac10b66d3d7"
            },
            "dist": {
                "type": "zip",
                "url": "https://api.github.com/repos/RobLoach/component-installer/zipball/908a859aa7c4949ba9ad67091e67bac10b66d3d7",
                "reference": "908a859aa7c4949ba9ad67091e67bac10b66d3d7",
                "shasum": ""
            },
            "require": {
                "composer-plugin-api": "^1.0",
                "kriswallsmith/assetic": "1.*",
                "php": ">=5.3.2"
            },
            "require-dev": {
                "composer/composer": "1.*@alpha",
                "phpunit/phpunit": "4.*"
            },
            "type": "composer-plugin",
            "extra": {
                "branch-alias": {
                    "dev-master": "1.0.x-dev"
                },
                "class": "ComponentInstaller\\ComponentInstallerPlugin"
            },
            "autoload": {
                "psr-0": {
                    "ComponentInstaller": "src/"
                }
            },
            "notification-url": "https://packagist.org/downloads/",
            "license": [
                "MIT"
            ],
            "authors": [
                {
                    "name": "Rob Loach",
                    "homepage": "http://robloach.net"
                }
            ],
            "description": "Allows installation of Components via Composer.",
            "time": "2015-08-10 12:35:38"
        }
    ],
    "packages-dev": [],
    "aliases": [],
    "minimum-stability": "stable",
    "stability-flags": [],
    "prefer-stable": false,
    "prefer-lowest": false,
    "platform": [],
    "platform-dev": []
}
